
Microsoft Visual Studio Solution File, Format Version 12.00
# Visual Studio Version 17
VisualStudioVersion = 17.13.35919.96
MinimumVisualStudioVersion = 10.0.40219.1
Project("{FAE04EC0-301F-11D3-BF4B-00C04F79EFBC}") = "Transport.Domain", "transport.domain\Transport.Domain.csproj", "{7D8F64F6-5FF1-4D42-8600-6CB5ECB76C4E}"
EndProject
Project("{FAE04EC0-301F-11D3-BF4B-00C04F79EFBC}") = "Transport.Common", "transport.common\Transport.Common.csproj", "{F487964A-9CCF-410C-902B-0D48DD3CDE60}"
EndProject
Project("{FAE04EC0-301F-11D3-BF4B-00C04F79EFBC}") = "Transport.Infraestructure", "transport.infraestructure\Transport.Infraestructure.csproj", "{479B6464-5610-49FB-B121-0776BD54ECB3}"
EndProject
Project("{FAE04EC0-301F-11D3-BF4B-00C04F79EFBC}") = "Transport.Business", "transport.application\Transport.Business.csproj", "{3FA8C8ED-5FF2-42B2-AF73-B81140FC9A05}"
EndProject
Project("{FAE04EC0-301F-11D3-BF4B-00C04F79EFBC}") = "Transport.Api", "transport.api\Transport.Api.csproj", "{49DE7AEA-29E9-59E5-C69E-E495DB60B8F6}"
EndProject
Global
	GlobalSection(SolutionConfigurationPlatforms) = preSolution
		Debug|Any CPU = Debug|Any CPU
		Release|Any CPU = Release|Any CPU
	EndGlobalSection
	GlobalSection(ProjectConfigurationPlatforms) = postSolution
		{7D8F64F6-5FF1-4D42-8600-6CB5ECB76C4E}.Debug|Any CPU.ActiveCfg = Debug|Any CPU
		{7D8F64F6-5FF1-4D42-8600-6CB5ECB76C4E}.Debug|Any CPU.Build.0 = Debug|Any CPU
		{7D8F64F6-5FF1-4D42-8600-6CB5ECB76C4E}.Release|Any CPU.ActiveCfg = Release|Any CPU
		{7D8F64F6-5FF1-4D42-8600-6CB5ECB76C4E}.Release|Any CPU.Build.0 = Release|Any CPU
		{F487964A-9CCF-410C-902B-0D48DD3CDE60}.Debug|Any CPU.ActiveCfg = Debug|Any CPU
		{F487964A-9CCF-410C-902B-0D48DD3CDE60}.Debug|Any CPU.Build.0 = Debug|Any CPU
		{F487964A-9CCF-410C-902B-0D48DD3CDE60}.Release|Any CPU.ActiveCfg = Release|Any CPU
		{F487964A-9CCF-410C-902B-0D48DD3CDE60}.Release|Any CPU.Build.0 = Release|Any CPU
		{479B6464-5610-49FB-B121-0776BD54ECB3}.Debug|Any CPU.ActiveCfg = Debug|Any CPU
		{479B6464-5610-49FB-B121-0776BD54ECB3}.Debug|Any CPU.Build.0 = Debug|Any CPU
		{479B6464-5610-49FB-B121-0776BD54ECB3}.Release|Any CPU.ActiveCfg = Release|Any CPU
		{479B6464-5610-49FB-B121-0776BD54ECB3}.Release|Any CPU.Build.0 = Release|Any CPU
		{3FA8C8ED-5FF2-42B2-AF73-B81140FC9A05}.Debug|Any CPU.ActiveCfg = Debug|Any CPU
		{3FA8C8ED-5FF2-42B2-AF73-B81140FC9A05}.Debug|Any CPU.Build.0 = Debug|Any CPU
		{3FA8C8ED-5FF2-42B2-AF73-B81140FC9A05}.Release|Any CPU.ActiveCfg = Release|Any CPU
		{3FA8C8ED-5FF2-42B2-AF73-B81140FC9A05}.Release|Any CPU.Build.0 = Release|Any CPU
		{49DE7AEA-29E9-59E5-C69E-E495DB60B8F6}.Debug|Any CPU.ActiveCfg = Debug|Any CPU
		{49DE7AEA-29E9-59E5-C69E-E495DB60B8F6}.Debug|Any CPU.Build.0 = Debug|Any CPU
		{49DE7AEA-29E9-59E5-C69E-E495DB60B8F6}.Release|Any CPU.ActiveCfg = Release|Any CPU
		{49DE7AEA-29E9-59E5-C69E-E495DB60B8F6}.Release|Any CPU.Build.0 = Release|Any CPU
	EndGlobalSection
	GlobalSection(SolutionProperties) = preSolution
		HideSolutionNode = FALSE
	EndGlobalSection
	GlobalSection(ExtensibilityGlobals) = postSolution
		SolutionGuid = {C7A554CE-12E7-4F82-9F52-10E3871F6258}
	EndGlobalSection
EndGlobal
