Microsoft Visual Studio Solution File, Format Version 12.00
# Visual Studio Version 17
VisualStudioVersion = 17.5.2.0
MinimumVisualStudioVersion = 10.0.40219.1
Project("{FAE04EC0-301F-11D3-BF4B-00C04F79EFBC}") = "Transport.Api", "Transport.Api.csproj", "{92A210CA-A67E-B011-7E7E-CDA83718A4F0}"
EndProject
Global
	GlobalSection(SolutionConfigurationPlatforms) = preSolution
		Debug|Any CPU = Debug|Any CPU
		Release|Any CPU = Release|Any CPU
	EndGlobalSection
	GlobalSection(ProjectConfigurationPlatforms) = postSolution
		{92A210CA-A67E-B011-7E7E-CDA83718A4F0}.Debug|Any CPU.ActiveCfg = Debug|Any CPU
		{92A210CA-A67E-B011-7E7E-CDA83718A4F0}.Debug|Any CPU.Build.0 = Debug|Any CPU
		{92A210CA-A67E-B011-7E7E-CDA83718A4F0}.Release|Any CPU.ActiveCfg = Release|Any CPU
		{92A210CA-A67E-B011-7E7E-CDA83718A4F0}.Release|Any CPU.Build.0 = Release|Any CPU
	EndGlobalSection
	GlobalSection(SolutionProperties) = preSolution
		HideSolutionNode = FALSE
	EndGlobalSection
	GlobalSection(ExtensibilityGlobals) = postSolution
		SolutionGuid = {0DC1C698-0F98-4BD6-BC22-35D1EC3C4FA5}
	EndGlobalSection
EndGlobal
